// !$*UTF8*$!
{
	archiveVersion = 1;
	classes = {
	};
	objectVersion = 46;
	objects = {

/* Begin PBXBuildFile section */
		62666AF9D1C42AD92D049F75 /* Pods_SpyVsSpy.framework in Frameworks */ = {isa = PBXBuildFile; fileRef = 162F721B2A31C053F633F172 /* Pods_SpyVsSpy.framework */; };
		9F26ACB91F716ED200327E45 /* AppDelegate.swift in Sources */ = {isa = PBXBuildFile; fileRef = 9F26ACB81F716ED200327E45 /* AppDelegate.swift */; };
		9F26ACBB1F716ED200327E45 /* ViewController.swift in Sources */ = {isa = PBXBuildFile; fileRef = 9F26ACBA1F716ED200327E45 /* ViewController.swift */; };
		9F26ACBE1F716ED200327E45 /* Main.storyboard in Resources */ = {isa = PBXBuildFile; fileRef = 9F26ACBC1F716ED200327E45 /* Main.storyboard */; };
		9F26ACC01F716ED200327E45 /* Assets.xcassets in Resources */ = {isa = PBXBuildFile; fileRef = 9F26ACBF1F716ED200327E45 /* Assets.xcassets */; };
		9F26ACC31F716ED200327E45 /* LaunchScreen.storyboard in Resources */ = {isa = PBXBuildFile; fileRef = 9F26ACC11F716ED200327E45 /* LaunchScreen.storyboard */; };
		FA583D411F783A6800F344CE /* ViewGamesTableViewCell.swift in Sources */ = {isa = PBXBuildFile; fileRef = FA583D401F783A6800F344CE /* ViewGamesTableViewCell.swift */; };
		FA583D431F783AB600F344CE /* ViewGamesViewController.swift in Sources */ = {isa = PBXBuildFile; fileRef = FA583D421F783AB600F344CE /* ViewGamesViewController.swift */; };
		FA583D451F784C9A00F344CE /* GameDetailsViewController.swift in Sources */ = {isa = PBXBuildFile; fileRef = FA583D441F784C9A00F344CE /* GameDetailsViewController.swift */; };
		FA583D471F7889D200F344CE /* ProfileCollectionViewCell.swift in Sources */ = {isa = PBXBuildFile; fileRef = FA583D461F7889D200F344CE /* ProfileCollectionViewCell.swift */; };
		FAC19F2D1F75F9DB007A8600 /* GoogleService-Info.plist in Resources */ = {isa = PBXBuildFile; fileRef = FAC19F2C1F75F9D8007A8600 /* GoogleService-Info.plist */; };
/* End PBXBuildFile section */

/* Begin PBXFileReference section */
		162F721B2A31C053F633F172 /* Pods_SpyVsSpy.framework */ = {isa = PBXFileReference; explicitFileType = wrapper.framework; includeInIndex = 0; path = Pods_SpyVsSpy.framework; sourceTree = BUILT_PRODUCTS_DIR; };
		536EA9B5C44014A8BD9BD4F7 /* Pods-SpyVsSpy.debug.xcconfig */ = {isa = PBXFileReference; includeInIndex = 1; lastKnownFileType = text.xcconfig; name = "Pods-SpyVsSpy.debug.xcconfig"; path = "Pods/Target Support Files/Pods-SpyVsSpy/Pods-SpyVsSpy.debug.xcconfig"; sourceTree = "<group>"; };
		9F26ACB51F716ED200327E45 /* SpyVsSpy.app */ = {isa = PBXFileReference; explicitFileType = wrapper.application; includeInIndex = 0; path = SpyVsSpy.app; sourceTree = BUILT_PRODUCTS_DIR; };
		9F26ACB81F716ED200327E45 /* AppDelegate.swift */ = {isa = PBXFileReference; lastKnownFileType = sourcecode.swift; path = AppDelegate.swift; sourceTree = "<group>"; };
		9F26ACBA1F716ED200327E45 /* ViewController.swift */ = {isa = PBXFileReference; lastKnownFileType = sourcecode.swift; path = ViewController.swift; sourceTree = "<group>"; };
		9F26ACBD1F716ED200327E45 /* Base */ = {isa = PBXFileReference; lastKnownFileType = file.storyboard; name = Base; path = Base.lproj/Main.storyboard; sourceTree = "<group>"; };
		9F26ACBF1F716ED200327E45 /* Assets.xcassets */ = {isa = PBXFileReference; lastKnownFileType = folder.assetcatalog; path = Assets.xcassets; sourceTree = "<group>"; };
		9F26ACC21F716ED200327E45 /* Base */ = {isa = PBXFileReference; lastKnownFileType = file.storyboard; name = Base; path = Base.lproj/LaunchScreen.storyboard; sourceTree = "<group>"; };
		9F26ACC41F716ED200327E45 /* Info.plist */ = {isa = PBXFileReference; lastKnownFileType = text.plist.xml; path = Info.plist; sourceTree = "<group>"; };
		B7951B9E9A5D0462EBF31922 /* Pods-SpyVsSpy.release.xcconfig */ = {isa = PBXFileReference; includeInIndex = 1; lastKnownFileType = text.xcconfig; name = "Pods-SpyVsSpy.release.xcconfig"; path = "Pods/Target Support Files/Pods-SpyVsSpy/Pods-SpyVsSpy.release.xcconfig"; sourceTree = "<group>"; };
		FA583D401F783A6800F344CE /* ViewGamesTableViewCell.swift */ = {isa = PBXFileReference; lastKnownFileType = sourcecode.swift; path = ViewGamesTableViewCell.swift; sourceTree = "<group>"; };
		FA583D421F783AB600F344CE /* ViewGamesViewController.swift */ = {isa = PBXFileReference; lastKnownFileType = sourcecode.swift; path = ViewGamesViewController.swift; sourceTree = "<group>"; };
		FA583D441F784C9A00F344CE /* GameDetailsViewController.swift */ = {isa = PBXFileReference; lastKnownFileType = sourcecode.swift; path = GameDetailsViewController.swift; sourceTree = "<group>"; };
		FA583D461F7889D200F344CE /* ProfileCollectionViewCell.swift */ = {isa = PBXFileReference; lastKnownFileType = sourcecode.swift; path = ProfileCollectionViewCell.swift; sourceTree = "<group>"; };
		FAAEF8EC1F75F44800537F84 /* SpyVsSpy.entitlements */ = {isa = PBXFileReference; lastKnownFileType = text.plist.entitlements; path = SpyVsSpy.entitlements; sourceTree = "<group>"; };
		FAC19F2C1F75F9D8007A8600 /* GoogleService-Info.plist */ = {isa = PBXFileReference; lastKnownFileType = text.plist.xml; path = "GoogleService-Info.plist"; sourceTree = "<group>"; };
/* End PBXFileReference section */

/* Begin PBXFrameworksBuildPhase section */
		9F26ACB21F716ED200327E45 /* Frameworks */ = {
			isa = PBXFrameworksBuildPhase;
			buildActionMask = 2147483647;
			files = (
				62666AF9D1C42AD92D049F75 /* Pods_SpyVsSpy.framework in Frameworks */,
			);
			runOnlyForDeploymentPostprocessing = 0;
		};
/* End PBXFrameworksBuildPhase section */

/* Begin PBXGroup section */
		079FD4BAEA7D980253868D10 /* Pods */ = {
			isa = PBXGroup;
			children = (
				536EA9B5C44014A8BD9BD4F7 /* Pods-SpyVsSpy.debug.xcconfig */,
				B7951B9E9A5D0462EBF31922 /* Pods-SpyVsSpy.release.xcconfig */,
			);
			name = Pods;
			sourceTree = "<group>";
		};
		9F26ACAC1F716ED200327E45 = {
			isa = PBXGroup;
			children = (
				9F26ACB71F716ED200327E45 /* SpyVsSpy */,
				9F26ACB61F716ED200327E45 /* Products */,
				079FD4BAEA7D980253868D10 /* Pods */,
				B3AE06330198EB584F4C85CF /* Frameworks */,
			);
			sourceTree = "<group>";
		};
		9F26ACB61F716ED200327E45 /* Products */ = {
			isa = PBXGroup;
			children = (
				9F26ACB51F716ED200327E45 /* SpyVsSpy.app */,
			);
			name = Products;
			sourceTree = "<group>";
		};
		9F26ACB71F716ED200327E45 /* SpyVsSpy */ = {
			isa = PBXGroup;
			children = (
				FAAEF8EC1F75F44800537F84 /* SpyVsSpy.entitlements */,
				9F26ACB81F716ED200327E45 /* AppDelegate.swift */,
				9F26ACBA1F716ED200327E45 /* ViewController.swift */,
				9F26ACBC1F716ED200327E45 /* Main.storyboard */,
				FA583D461F7889D200F344CE /* ProfileCollectionViewCell.swift */,
				FA583D441F784C9A00F344CE /* GameDetailsViewController.swift */,
				FA583D401F783A6800F344CE /* ViewGamesTableViewCell.swift */,
				FA583D421F783AB600F344CE /* ViewGamesViewController.swift */,
				9F26ACBF1F716ED200327E45 /* Assets.xcassets */,
				9F26ACC11F716ED200327E45 /* LaunchScreen.storyboard */,
				FAC19F2C1F75F9D8007A8600 /* GoogleService-Info.plist */,
				9F26ACC41F716ED200327E45 /* Info.plist */,
			);
			path = SpyVsSpy;
			sourceTree = "<group>";
		};
		B3AE06330198EB584F4C85CF /* Frameworks */ = {
			isa = PBXGroup;
			children = (
				162F721B2A31C053F633F172 /* Pods_SpyVsSpy.framework */,
			);
			name = Frameworks;
			sourceTree = "<group>";
		};
/* End PBXGroup section */

/* Begin PBXNativeTarget section */
		9F26ACB41F716ED200327E45 /* SpyVsSpy */ = {
			isa = PBXNativeTarget;
			buildConfigurationList = 9F26ACC71F716ED200327E45 /* Build configuration list for PBXNativeTarget "SpyVsSpy" */;
			buildPhases = (
				934853270C4B479E51AFEBAA /* [CP] Check Pods Manifest.lock */,
				9F26ACB11F716ED200327E45 /* Sources */,
				9F26ACB21F716ED200327E45 /* Frameworks */,
				9F26ACB31F716ED200327E45 /* Resources */,
				BECAFD2E5E454A0B15937FB4 /* [CP] Embed Pods Frameworks */,
				704C6ABAB89620FD22AE9D60 /* [CP] Copy Pods Resources */,
			);
			buildRules = (
			);
			dependencies = (
			);
			name = SpyVsSpy;
			productName = SpyVsSpy;
			productReference = 9F26ACB51F716ED200327E45 /* SpyVsSpy.app */;
			productType = "com.apple.product-type.application";
		};
/* End PBXNativeTarget section */

/* Begin PBXProject section */
		9F26ACAD1F716ED200327E45 /* Project object */ = {
			isa = PBXProject;
			attributes = {
				LastSwiftUpdateCheck = 0830;
				LastUpgradeCheck = 0830;
				ORGANIZATIONNAME = "Joseph Hinkle";
				TargetAttributes = {
					9F26ACB41F716ED200327E45 = {
						CreatedOnToolsVersion = 8.3.3;
						DevelopmentTeam = B3GJXRTH64;
						ProvisioningStyle = Automatic;
						SystemCapabilities = {
							com.apple.Keychain = {
								enabled = 1;
							};
						};
					};
				};
			};
			buildConfigurationList = 9F26ACB01F716ED200327E45 /* Build configuration list for PBXProject "SpyVsSpy" */;
			compatibilityVersion = "Xcode 3.2";
			developmentRegion = English;
			hasScannedForEncodings = 0;
			knownRegions = (
				en,
				Base,
			);
			mainGroup = 9F26ACAC1F716ED200327E45;
			productRefGroup = 9F26ACB61F716ED200327E45 /* Products */;
			projectDirPath = "";
			projectRoot = "";
			targets = (
				9F26ACB41F716ED200327E45 /* SpyVsSpy */,
			);
		};
/* End PBXProject section */

/* Begin PBXResourcesBuildPhase section */
		9F26ACB31F716ED200327E45 /* Resources */ = {
			isa = PBXResourcesBuildPhase;
			buildActionMask = 2147483647;
			files = (
				9F26ACC31F716ED200327E45 /* LaunchScreen.storyboard in Resources */,
				FAC19F2D1F75F9DB007A8600 /* GoogleService-Info.plist in Resources */,
				9F26ACC01F716ED200327E45 /* Assets.xcassets in Resources */,
				9F26ACBE1F716ED200327E45 /* Main.storyboard in Resources */,
			);
			runOnlyForDeploymentPostprocessing = 0;
		};
/* End PBXResourcesBuildPhase section */

/* Begin PBXShellScriptBuildPhase section */
		704C6ABAB89620FD22AE9D60 /* [CP] Copy Pods Resources */ = {
			isa = PBXShellScriptBuildPhase;
			buildActionMask = 2147483647;
			files = (
			);
			inputPaths = (
			);
			name = "[CP] Copy Pods Resources";
			outputPaths = (
			);
			runOnlyForDeploymentPostprocessing = 0;
			shellPath = /bin/sh;
			shellScript = "\"${SRCROOT}/Pods/Target Support Files/Pods-SpyVsSpy/Pods-SpyVsSpy-resources.sh\"\n";
			showEnvVarsInLog = 0;
		};
		934853270C4B479E51AFEBAA /* [CP] Check Pods Manifest.lock */ = {
			isa = PBXShellScriptBuildPhase;
			buildActionMask = 2147483647;
			files = (
			);
			inputPaths = (
				"${PODS_PODFILE_DIR_PATH}/Podfile.lock",
				"${PODS_ROOT}/Manifest.lock",
			);
			name = "[CP] Check Pods Manifest.lock";
			outputPaths = (
				"$(DERIVED_FILE_DIR)/Pods-SpyVsSpy-checkManifestLockResult.txt",
			);
			runOnlyForDeploymentPostprocessing = 0;
			shellPath = /bin/sh;
			shellScript = "diff \"${PODS_PODFILE_DIR_PATH}/Podfile.lock\" \"${PODS_ROOT}/Manifest.lock\" > /dev/null\nif [ $? != 0 ] ; then\n    # print error to STDERR\n    echo \"error: The sandbox is not in sync with the Podfile.lock. Run 'pod install' or update your CocoaPods installation.\" >&2\n    exit 1\nfi\n# This output is used by Xcode 'outputs' to avoid re-running this script phase.\necho \"SUCCESS\" > \"${SCRIPT_OUTPUT_FILE_0}\"\n";
			showEnvVarsInLog = 0;
		};
		BECAFD2E5E454A0B15937FB4 /* [CP] Embed Pods Frameworks */ = {
			isa = PBXShellScriptBuildPhase;
			buildActionMask = 2147483647;
			files = (
			);
			inputPaths = (
				"${SRCROOT}/Pods/Target Support Files/Pods-SpyVsSpy/Pods-SpyVsSpy-frameworks.sh",
				"${BUILT_PRODUCTS_DIR}/GoogleToolboxForMac/GoogleToolboxForMac.framework",
				"${BUILT_PRODUCTS_DIR}/nanopb/nanopb.framework",
			);
			name = "[CP] Embed Pods Frameworks";
			outputPaths = (
				"${TARGET_BUILD_DIR}/${FRAMEWORKS_FOLDER_PATH}/GoogleToolboxForMac.framework",
				"${TARGET_BUILD_DIR}/${FRAMEWORKS_FOLDER_PATH}/nanopb.framework",
			);
			runOnlyForDeploymentPostprocessing = 0;
			shellPath = /bin/sh;
			shellScript = "\"${SRCROOT}/Pods/Target Support Files/Pods-SpyVsSpy/Pods-SpyVsSpy-frameworks.sh\"\n";
			showEnvVarsInLog = 0;
		};
/* End PBXShellScriptBuildPhase section */

/* Begin PBXSourcesBuildPhase section */
		9F26ACB11F716ED200327E45 /* Sources */ = {
			isa = PBXSourcesBuildPhase;
			buildActionMask = 2147483647;
			files = (
				FA583D411F783A6800F344CE /* ViewGamesTableViewCell.swift in Sources */,
				9F26ACBB1F716ED200327E45 /* ViewController.swift in Sources */,
				FA583D451F784C9A00F344CE /* GameDetailsViewController.swift in Sources */,
				9F26ACB91F716ED200327E45 /* AppDelegate.swift in Sources */,
				FA583D471F7889D200F344CE /* ProfileCollectionViewCell.swift in Sources */,
				FA583D431F783AB600F344CE /* ViewGamesViewController.swift in Sources */,
			);
			runOnlyForDeploymentPostprocessing = 0;
		};
/* End PBXSourcesBuildPhase section */

/* Begin PBXVariantGroup section */
		9F26ACBC1F716ED200327E45 /* Main.storyboard */ = {
			isa = PBXVariantGroup;
			children = (
				9F26ACBD1F716ED200327E45 /* Base */,
			);
			name = Main.storyboard;
			sourceTree = "<group>";
		};
		9F26ACC11F716ED200327E45 /* LaunchScreen.storyboard */ = {
			isa = PBXVariantGroup;
			children = (
				9F26ACC21F716ED200327E45 /* Base */,
			);
			name = LaunchScreen.storyboard;
			sourceTree = "<group>";
		};
/* End PBXVariantGroup section */

/* Begin XCBuildConfiguration section */
		9F26ACC51F716ED200327E45 /* Debug */ = {
			isa = XCBuildConfiguration;
			buildSettings = {
				ALWAYS_SEARCH_USER_PATHS = NO;
				CLANG_ANALYZER_NONNULL = YES;
				CLANG_ANALYZER_NUMBER_OBJECT_CONVERSION = YES_AGGRESSIVE;
				CLANG_CXX_LANGUAGE_STANDARD = "gnu++0x";
				CLANG_CXX_LIBRARY = "libc++";
				CLANG_ENABLE_MODULES = YES;
				CLANG_ENABLE_OBJC_ARC = YES;
				CLANG_WARN_BOOL_CONVERSION = YES;
				CLANG_WARN_CONSTANT_CONVERSION = YES;
				CLANG_WARN_DIRECT_OBJC_ISA_USAGE = YES_ERROR;
				CLANG_WARN_DOCUMENTATION_COMMENTS = YES;
				CLANG_WARN_EMPTY_BODY = YES;
				CLANG_WARN_ENUM_CONVERSION = YES;
				CLANG_WARN_INFINITE_RECURSION = YES;
				CLANG_WARN_INT_CONVERSION = YES;
				CLANG_WARN_OBJC_ROOT_CLASS = YES_ERROR;
				CLANG_WARN_SUSPICIOUS_MOVE = YES;
				CLANG_WARN_UNREACHABLE_CODE = YES;
				CLANG_WARN__DUPLICATE_METHOD_MATCH = YES;
				"CODE_SIGN_IDENTITY[sdk=iphoneos*]" = "iPhone Developer";
				COPY_PHASE_STRIP = NO;
				DEBUG_INFORMATION_FORMAT = dwarf;
				ENABLE_STRICT_OBJC_MSGSEND = YES;
				ENABLE_TESTABILITY = YES;
				GCC_C_LANGUAGE_STANDARD = gnu99;
				GCC_DYNAMIC_NO_PIC = NO;
				GCC_NO_COMMON_BLOCKS = YES;
				GCC_OPTIMIZATION_LEVEL = 0;
				GCC_PREPROCESSOR_DEFINITIONS = (
					"DEBUG=1",
					"$(inherited)",
				);
				GCC_WARN_64_TO_32_BIT_CONVERSION = YES;
				GCC_WARN_ABOUT_RETURN_TYPE = YES_ERROR;
				GCC_WARN_UNDECLARED_SELECTOR = YES;
				GCC_WARN_UNINITIALIZED_AUTOS = YES_AGGRESSIVE;
				GCC_WARN_UNUSED_FUNCTION = YES;
				GCC_WARN_UNUSED_VARIABLE = YES;
				IPHONEOS_DEPLOYMENT_TARGET = 10.3;
				MTL_ENABLE_DEBUG_INFO = YES;
				ONLY_ACTIVE_ARCH = YES;
				SDKROOT = iphoneos;
				SWIFT_ACTIVE_COMPILATION_CONDITIONS = DEBUG;
				SWIFT_OPTIMIZATION_LEVEL = "-Onone";
			};
			name = Debug;
		};
		9F26ACC61F716ED200327E45 /* Release */ = {
			isa = XCBuildConfiguration;
			buildSettings = {
				ALWAYS_SEARCH_USER_PATHS = NO;
				CLANG_ANALYZER_NONNULL = YES;
				CLANG_ANALYZER_NUMBER_OBJECT_CONVERSION = YES_AGGRESSIVE;
				CLANG_CXX_LANGUAGE_STANDARD = "gnu++0x";
				CLANG_CXX_LIBRARY = "libc++";
				CLANG_ENABLE_MODULES = YES;
				CLANG_ENABLE_OBJC_ARC = YES;
				CLANG_WARN_BOOL_CONVERSION = YES;
				CLANG_WARN_CONSTANT_CONVERSION = YES;
				CLANG_WARN_DIRECT_OBJC_ISA_USAGE = YES_ERROR;
				CLANG_WARN_DOCUMENTATION_COMMENTS = YES;
				CLANG_WARN_EMPTY_BODY = YES;
				CLANG_WARN_ENUM_CONVERSION = YES;
				CLANG_WARN_INFINITE_RECURSION = YES;
				CLANG_WARN_INT_CONVERSION = YES;
				CLANG_WARN_OBJC_ROOT_CLASS = YES_ERROR;
				CLANG_WARN_SUSPICIOUS_MOVE = YES;
				CLANG_WARN_UNREACHABLE_CODE = YES;
				CLANG_WARN__DUPLICATE_METHOD_MATCH = YES;
				"CODE_SIGN_IDENTITY[sdk=iphoneos*]" = "iPhone Developer";
				COPY_PHASE_STRIP = NO;
				DEBUG_INFORMATION_FORMAT = "dwarf-with-dsym";
				ENABLE_NS_ASSERTIONS = NO;
				ENABLE_STRICT_OBJC_MSGSEND = YES;
				GCC_C_LANGUAGE_STANDARD = gnu99;
				GCC_NO_COMMON_BLOCKS = YES;
				GCC_WARN_64_TO_32_BIT_CONVERSION = YES;
				GCC_WARN_ABOUT_RETURN_TYPE = YES_ERROR;
				GCC_WARN_UNDECLARED_SELECTOR = YES;
				GCC_WARN_UNINITIALIZED_AUTOS = YES_AGGRESSIVE;
				GCC_WARN_UNUSED_FUNCTION = YES;
				GCC_WARN_UNUSED_VARIABLE = YES;
				IPHONEOS_DEPLOYMENT_TARGET = 10.3;
				MTL_ENABLE_DEBUG_INFO = NO;
				SDKROOT = iphoneos;
				SWIFT_OPTIMIZATION_LEVEL = "-Owholemodule";
				VALIDATE_PRODUCT = YES;
			};
			name = Release;
		};
		9F26ACC81F716ED200327E45 /* Debug */ = {
			isa = XCBuildConfiguration;
			baseConfigurationReference = 536EA9B5C44014A8BD9BD4F7 /* Pods-SpyVsSpy.debug.xcconfig */;
			buildSettings = {
				ASSETCATALOG_COMPILER_APPICON_NAME = AppIcon;
				CODE_SIGN_ENTITLEMENTS = SpyVsSpy/SpyVsSpy.entitlements;
				DEVELOPMENT_TEAM = B3GJXRTH64;
				INFOPLIST_FILE = SpyVsSpy/Info.plist;
				LD_RUNPATH_SEARCH_PATHS = "$(inherited) @executable_path/Frameworks";
				PRODUCT_BUNDLE_IDENTIFIER = "com.impact-studios.SpyVsSpy";
				PRODUCT_NAME = "$(TARGET_NAME)";
				SWIFT_VERSION = 3.0;
			};
			name = Debug;
		};
		9F26ACC91F716ED200327E45 /* Release */ = {
			isa = XCBuildConfiguration;
			baseConfigurationReference = B7951B9E9A5D0462EBF31922 /* Pods-SpyVsSpy.release.xcconfig */;
			buildSettings = {
				ASSETCATALOG_COMPILER_APPICON_NAME = AppIcon;
				CODE_SIGN_ENTITLEMENTS = SpyVsSpy/SpyVsSpy.entitlements;
				DEVELOPMENT_TEAM = B3GJXRTH64;
				INFOPLIST_FILE = SpyVsSpy/Info.plist;
				LD_RUNPATH_SEARCH_PATHS = "$(inherited) @executable_path/Frameworks";
				PRODUCT_BUNDLE_IDENTIFIER = "com.impact-studios.SpyVsSpy";
				PRODUCT_NAME = "$(TARGET_NAME)";
				SWIFT_VERSION = 3.0;
			};
			name = Release;
		};
/* End XCBuildConfiguration section */

/* Begin XCConfigurationList section */
		9F26ACB01F716ED200327E45 /* Build configuration list for PBXProject "SpyVsSpy" */ = {
			isa = XCConfigurationList;
			buildConfigurations = (
				9F26ACC51F716ED200327E45 /* Debug */,
				9F26ACC61F716ED200327E45 /* Release */,
			);
			defaultConfigurationIsVisible = 0;
			defaultConfigurationName = Release;
		};
		9F26ACC71F716ED200327E45 /* Build configuration list for PBXNativeTarget "SpyVsSpy" */ = {
			isa = XCConfigurationList;
			buildConfigurations = (
				9F26ACC81F716ED200327E45 /* Debug */,
				9F26ACC91F716ED200327E45 /* Release */,
			);
			defaultConfigurationIsVisible = 0;
			defaultConfigurationName = Release;
		};
/* End XCConfigurationList section */
	};
	rootObject = 9F26ACAD1F716ED200327E45 /* Project object */;
}
