// !$*UTF8*$!
{
	archiveVersion = 1;
	classes = {
	};
	objectVersion = 46;
	objects = {

/* Begin PBXBuildFile section */
		13ED905A2C88297D689C5CBA /* Pods_SpyVsSpy.framework in Frameworks */ = {isa = PBXBuildFile; fileRef = 42E18F4C9A78F476CAB8F3BD /* Pods_SpyVsSpy.framework */; };
		5F5902E01F8C4C8900CB9831 /* StarRatingControl.swift in Sources */ = {isa = PBXBuildFile; fileRef = 5F5902DF1F8C4C8900CB9831 /* StarRatingControl.swift */; };
		5F5902E21F8C634B00CB9831 /* StarRatingViewer.swift in Sources */ = {isa = PBXBuildFile; fileRef = 5F5902E11F8C634B00CB9831 /* StarRatingViewer.swift */; };
		5F8C29771FA8DE9700C6D4EF /* Building.swift in Sources */ = {isa = PBXBuildFile; fileRef = 5F8C29761FA8DE9700C6D4EF /* Building.swift */; };
		5F9CD0E41FC7D4BE0065759B /* LocTableViewCell.swift in Sources */ = {isa = PBXBuildFile; fileRef = 5F9CD0E31FC7D4BE0065759B /* LocTableViewCell.swift */; };
		5FE884AB1F8C3B0100A2569B /* HackViewController.swift in Sources */ = {isa = PBXBuildFile; fileRef = 5FE884AA1F8C3B0100A2569B /* HackViewController.swift */; };
		5FE884AD1F8C3D8C00A2569B /* CoreLocation.framework in Frameworks */ = {isa = PBXBuildFile; fileRef = 5FE884AC1F8C3D8C00A2569B /* CoreLocation.framework */; };
		9F1DCB261FB3876A0014ADB5 /* mafiasound.mp3 in Resources */ = {isa = PBXBuildFile; fileRef = 9F1DCB251FB3876A0014ADB5 /* mafiasound.mp3 */; };
		9F26ACB91F716ED200327E45 /* AppDelegate.swift in Sources */ = {isa = PBXBuildFile; fileRef = 9F26ACB81F716ED200327E45 /* AppDelegate.swift */; };
		9F26ACBB1F716ED200327E45 /* ViewController.swift in Sources */ = {isa = PBXBuildFile; fileRef = 9F26ACBA1F716ED200327E45 /* ViewController.swift */; };
		9F26ACBE1F716ED200327E45 /* Main.storyboard in Resources */ = {isa = PBXBuildFile; fileRef = 9F26ACBC1F716ED200327E45 /* Main.storyboard */; };
		9F26ACC01F716ED200327E45 /* Assets.xcassets in Resources */ = {isa = PBXBuildFile; fileRef = 9F26ACBF1F716ED200327E45 /* Assets.xcassets */; };
		9F26ACC31F716ED200327E45 /* LaunchScreen.storyboard in Resources */ = {isa = PBXBuildFile; fileRef = 9F26ACC11F716ED200327E45 /* LaunchScreen.storyboard */; };
		9F385C001F82B12300797DD2 /* SpecialViewController.swift in Sources */ = {isa = PBXBuildFile; fileRef = 9F385BFF1F82B12300797DD2 /* SpecialViewController.swift */; };
		9F76EE191FD6E927006A9415 /* ProfileDetailsViewController.swift in Sources */ = {isa = PBXBuildFile; fileRef = 9F76EE181FD6E927006A9415 /* ProfileDetailsViewController.swift */; };
		9F7A357C1FB429B700502A2D /* ShotReviewViewController.swift in Sources */ = {isa = PBXBuildFile; fileRef = 9F7A357B1FB429B700502A2D /* ShotReviewViewController.swift */; };
		9F9B579E1FD65EC200B6BD31 /* lightening.mp3 in Resources */ = {isa = PBXBuildFile; fileRef = 9F9B579D1FD65EC200B6BD31 /* lightening.mp3 */; };
		9FB129F81FB20C5300FE69AB /* SniperShotViewController.swift in Sources */ = {isa = PBXBuildFile; fileRef = 9FB129F71FB20C5300FE69AB /* SniperShotViewController.swift */; };
		FA154DCF1F952F8F007BA2F5 /* ProfileModel.swift in Sources */ = {isa = PBXBuildFile; fileRef = FA154DCE1F952F8F007BA2F5 /* ProfileModel.swift */; };
		FA154DD11F9533B3007BA2F5 /* GameInfoModel.swift in Sources */ = {isa = PBXBuildFile; fileRef = FA154DD01F9533B3007BA2F5 /* GameInfoModel.swift */; };
		FA154DD31F9569A2007BA2F5 /* UserModel.swift in Sources */ = {isa = PBXBuildFile; fileRef = FA154DD21F9569A2007BA2F5 /* UserModel.swift */; };
		FA326BF71F92C050007160BE /* GameModel.swift in Sources */ = {isa = PBXBuildFile; fileRef = FA326BF61F92C050007160BE /* GameModel.swift */; };
		FA583D411F783A6800F344CE /* ViewGamesTableViewCell.swift in Sources */ = {isa = PBXBuildFile; fileRef = FA583D401F783A6800F344CE /* ViewGamesTableViewCell.swift */; };
		FA583D431F783AB600F344CE /* ViewGamesViewController.swift in Sources */ = {isa = PBXBuildFile; fileRef = FA583D421F783AB600F344CE /* ViewGamesViewController.swift */; };
		FA583D451F784C9A00F344CE /* GameDetailsViewController.swift in Sources */ = {isa = PBXBuildFile; fileRef = FA583D441F784C9A00F344CE /* GameDetailsViewController.swift */; };
		FA583D471F7889D200F344CE /* ProfileCollectionViewCell.swift in Sources */ = {isa = PBXBuildFile; fileRef = FA583D461F7889D200F344CE /* ProfileCollectionViewCell.swift */; };
		FA7712EE1F8FDD4500571BE5 /* GameStartInfo.swift in Sources */ = {isa = PBXBuildFile; fileRef = FA7712ED1F8FDD4500571BE5 /* GameStartInfo.swift */; };
		FAA855D41FAAB94A004C2F68 /* HomeViewController.swift in Sources */ = {isa = PBXBuildFile; fileRef = FAA855D31FAAB94A004C2F68 /* HomeViewController.swift */; };
		FAA855D61FAAC662004C2F68 /* MainGameTabBarVController.swift in Sources */ = {isa = PBXBuildFile; fileRef = FAA855D51FAAC662004C2F68 /* MainGameTabBarVController.swift */; };
		FAC19F2D1F75F9DB007A8600 /* GoogleService-Info.plist in Resources */ = {isa = PBXBuildFile; fileRef = FAC19F2C1F75F9D8007A8600 /* GoogleService-Info.plist */; };
		FACC137E1FA9127200824F30 /* LogTableViewCell.swift in Sources */ = {isa = PBXBuildFile; fileRef = FACC137D1FA9127200824F30 /* LogTableViewCell.swift */; };
		FACC13801FA9151500824F30 /* PlayerInGameModel.swift in Sources */ = {isa = PBXBuildFile; fileRef = FACC137F1FA9151500824F30 /* PlayerInGameModel.swift */; };
		FACC13821FA91ECA00824F30 /* LogDataModel.swift in Sources */ = {isa = PBXBuildFile; fileRef = FACC13811FA91ECA00824F30 /* LogDataModel.swift */; };
		FACC13851FA9270B00824F30 /* LogsViewController.swift in Sources */ = {isa = PBXBuildFile; fileRef = FACC13841FA9270B00824F30 /* LogsViewController.swift */; };
		FAF1BC131FA8FA170068A90E /* BackendGameLogic.swift in Sources */ = {isa = PBXBuildFile; fileRef = FAF1BC121FA8FA170068A90E /* BackendGameLogic.swift */; };
/* End PBXBuildFile section */

/* Begin PBXFileReference section */
		24C33379969373C82C603B9E /* Pods-SpyVsSpy.debug.xcconfig */ = {isa = PBXFileReference; includeInIndex = 1; lastKnownFileType = text.xcconfig; name = "Pods-SpyVsSpy.debug.xcconfig"; path = "Pods/Target Support Files/Pods-SpyVsSpy/Pods-SpyVsSpy.debug.xcconfig"; sourceTree = "<group>"; };
		42E18F4C9A78F476CAB8F3BD /* Pods_SpyVsSpy.framework */ = {isa = PBXFileReference; explicitFileType = wrapper.framework; includeInIndex = 0; path = Pods_SpyVsSpy.framework; sourceTree = BUILT_PRODUCTS_DIR; };
		5F5902DF1F8C4C8900CB9831 /* StarRatingControl.swift */ = {isa = PBXFileReference; lastKnownFileType = sourcecode.swift; path = StarRatingControl.swift; sourceTree = "<group>"; };
		5F5902E11F8C634B00CB9831 /* StarRatingViewer.swift */ = {isa = PBXFileReference; lastKnownFileType = sourcecode.swift; path = StarRatingViewer.swift; sourceTree = "<group>"; };
		5F8C29761FA8DE9700C6D4EF /* Building.swift */ = {isa = PBXFileReference; lastKnownFileType = sourcecode.swift; path = Building.swift; sourceTree = "<group>"; };
		5F9CD0E31FC7D4BE0065759B /* LocTableViewCell.swift */ = {isa = PBXFileReference; lastKnownFileType = sourcecode.swift; path = LocTableViewCell.swift; sourceTree = "<group>"; };
		5FE884AA1F8C3B0100A2569B /* HackViewController.swift */ = {isa = PBXFileReference; lastKnownFileType = sourcecode.swift; path = HackViewController.swift; sourceTree = "<group>"; };
		5FE884AC1F8C3D8C00A2569B /* CoreLocation.framework */ = {isa = PBXFileReference; lastKnownFileType = wrapper.framework; name = CoreLocation.framework; path = System/Library/Frameworks/CoreLocation.framework; sourceTree = SDKROOT; };
		90A8FE3EE5A1DDD3C0993D9F /* Pods-SpyVsSpy.release.xcconfig */ = {isa = PBXFileReference; includeInIndex = 1; lastKnownFileType = text.xcconfig; name = "Pods-SpyVsSpy.release.xcconfig"; path = "Pods/Target Support Files/Pods-SpyVsSpy/Pods-SpyVsSpy.release.xcconfig"; sourceTree = "<group>"; };
		9F1DCB251FB3876A0014ADB5 /* mafiasound.mp3 */ = {isa = PBXFileReference; lastKnownFileType = audio.mp3; path = mafiasound.mp3; sourceTree = "<group>"; };
		9F26ACB51F716ED200327E45 /* SpyVsSpy.app */ = {isa = PBXFileReference; explicitFileType = wrapper.application; includeInIndex = 0; path = SpyVsSpy.app; sourceTree = BUILT_PRODUCTS_DIR; };
		9F26ACB81F716ED200327E45 /* AppDelegate.swift */ = {isa = PBXFileReference; lastKnownFileType = sourcecode.swift; path = AppDelegate.swift; sourceTree = "<group>"; };
		9F26ACBA1F716ED200327E45 /* ViewController.swift */ = {isa = PBXFileReference; lastKnownFileType = sourcecode.swift; path = ViewController.swift; sourceTree = "<group>"; };
		9F26ACBD1F716ED200327E45 /* Base */ = {isa = PBXFileReference; lastKnownFileType = file.storyboard; name = Base; path = Base.lproj/Main.storyboard; sourceTree = "<group>"; };
		9F26ACBF1F716ED200327E45 /* Assets.xcassets */ = {isa = PBXFileReference; lastKnownFileType = folder.assetcatalog; path = Assets.xcassets; sourceTree = "<group>"; };
		9F26ACC21F716ED200327E45 /* Base */ = {isa = PBXFileReference; lastKnownFileType = file.storyboard; name = Base; path = Base.lproj/LaunchScreen.storyboard; sourceTree = "<group>"; };
		9F26ACC41F716ED200327E45 /* Info.plist */ = {isa = PBXFileReference; lastKnownFileType = text.plist.xml; path = Info.plist; sourceTree = "<group>"; };
		9F385BFF1F82B12300797DD2 /* SpecialViewController.swift */ = {isa = PBXFileReference; fileEncoding = 4; lastKnownFileType = sourcecode.swift; path = SpecialViewController.swift; sourceTree = "<group>"; };
		9F76EE181FD6E927006A9415 /* ProfileDetailsViewController.swift */ = {isa = PBXFileReference; lastKnownFileType = sourcecode.swift; path = ProfileDetailsViewController.swift; sourceTree = "<group>"; };
		9F7A357B1FB429B700502A2D /* ShotReviewViewController.swift */ = {isa = PBXFileReference; lastKnownFileType = sourcecode.swift; path = ShotReviewViewController.swift; sourceTree = "<group>"; };
		9F9B579D1FD65EC200B6BD31 /* lightening.mp3 */ = {isa = PBXFileReference; lastKnownFileType = audio.mp3; path = lightening.mp3; sourceTree = "<group>"; };
		9FB129F71FB20C5300FE69AB /* SniperShotViewController.swift */ = {isa = PBXFileReference; lastKnownFileType = sourcecode.swift; path = SniperShotViewController.swift; sourceTree = "<group>"; };
		FA154DCE1F952F8F007BA2F5 /* ProfileModel.swift */ = {isa = PBXFileReference; lastKnownFileType = sourcecode.swift; path = ProfileModel.swift; sourceTree = "<group>"; };
		FA154DD01F9533B3007BA2F5 /* GameInfoModel.swift */ = {isa = PBXFileReference; lastKnownFileType = sourcecode.swift; path = GameInfoModel.swift; sourceTree = "<group>"; };
		FA154DD21F9569A2007BA2F5 /* UserModel.swift */ = {isa = PBXFileReference; lastKnownFileType = sourcecode.swift; path = UserModel.swift; sourceTree = "<group>"; };
		FA326BF61F92C050007160BE /* GameModel.swift */ = {isa = PBXFileReference; lastKnownFileType = sourcecode.swift; path = GameModel.swift; sourceTree = "<group>"; };
		FA583D401F783A6800F344CE /* ViewGamesTableViewCell.swift */ = {isa = PBXFileReference; lastKnownFileType = sourcecode.swift; path = ViewGamesTableViewCell.swift; sourceTree = "<group>"; };
		FA583D421F783AB600F344CE /* ViewGamesViewController.swift */ = {isa = PBXFileReference; lastKnownFileType = sourcecode.swift; path = ViewGamesViewController.swift; sourceTree = "<group>"; };
		FA583D441F784C9A00F344CE /* GameDetailsViewController.swift */ = {isa = PBXFileReference; lastKnownFileType = sourcecode.swift; path = GameDetailsViewController.swift; sourceTree = "<group>"; };
		FA583D461F7889D200F344CE /* ProfileCollectionViewCell.swift */ = {isa = PBXFileReference; lastKnownFileType = sourcecode.swift; path = ProfileCollectionViewCell.swift; sourceTree = "<group>"; };
		FA7712ED1F8FDD4500571BE5 /* GameStartInfo.swift */ = {isa = PBXFileReference; lastKnownFileType = sourcecode.swift; path = GameStartInfo.swift; sourceTree = "<group>"; };
		FAA855D31FAAB94A004C2F68 /* HomeViewController.swift */ = {isa = PBXFileReference; lastKnownFileType = sourcecode.swift; path = HomeViewController.swift; sourceTree = "<group>"; };
		FAA855D51FAAC662004C2F68 /* MainGameTabBarVController.swift */ = {isa = PBXFileReference; lastKnownFileType = sourcecode.swift; path = MainGameTabBarVController.swift; sourceTree = "<group>"; };
		FAAEF8EC1F75F44800537F84 /* SpyVsSpy.entitlements */ = {isa = PBXFileReference; lastKnownFileType = text.plist.entitlements; path = SpyVsSpy.entitlements; sourceTree = "<group>"; };
		FAC19F2C1F75F9D8007A8600 /* GoogleService-Info.plist */ = {isa = PBXFileReference; lastKnownFileType = text.plist.xml; path = "GoogleService-Info.plist"; sourceTree = "<group>"; };
		FACC137D1FA9127200824F30 /* LogTableViewCell.swift */ = {isa = PBXFileReference; lastKnownFileType = sourcecode.swift; path = LogTableViewCell.swift; sourceTree = "<group>"; };
		FACC137F1FA9151500824F30 /* PlayerInGameModel.swift */ = {isa = PBXFileReference; lastKnownFileType = sourcecode.swift; path = PlayerInGameModel.swift; sourceTree = "<group>"; };
		FACC13811FA91ECA00824F30 /* LogDataModel.swift */ = {isa = PBXFileReference; lastKnownFileType = sourcecode.swift; path = LogDataModel.swift; sourceTree = "<group>"; };
		FACC13841FA9270B00824F30 /* LogsViewController.swift */ = {isa = PBXFileReference; lastKnownFileType = sourcecode.swift; path = LogsViewController.swift; sourceTree = "<group>"; };
		FAF1BC121FA8FA170068A90E /* BackendGameLogic.swift */ = {isa = PBXFileReference; lastKnownFileType = sourcecode.swift; path = BackendGameLogic.swift; sourceTree = "<group>"; };
/* End PBXFileReference section */

/* Begin PBXFrameworksBuildPhase section */
		9F26ACB21F716ED200327E45 /* Frameworks */ = {
			isa = PBXFrameworksBuildPhase;
			buildActionMask = 2147483647;
			files = (
				5FE884AD1F8C3D8C00A2569B /* CoreLocation.framework in Frameworks */,
				13ED905A2C88297D689C5CBA /* Pods_SpyVsSpy.framework in Frameworks */,
			);
			runOnlyForDeploymentPostprocessing = 0;
		};
/* End PBXFrameworksBuildPhase section */

/* Begin PBXGroup section */
		952806386DF65B8F818B1CDC /* Pods */ = {
			isa = PBXGroup;
			children = (
				24C33379969373C82C603B9E /* Pods-SpyVsSpy.debug.xcconfig */,
				90A8FE3EE5A1DDD3C0993D9F /* Pods-SpyVsSpy.release.xcconfig */,
			);
			name = Pods;
			sourceTree = "<group>";
		};
		9F26ACAC1F716ED200327E45 = {
			isa = PBXGroup;
			children = (
				9F26ACB71F716ED200327E45 /* SpyVsSpy */,
				9F26ACB61F716ED200327E45 /* Products */,
				952806386DF65B8F818B1CDC /* Pods */,
				9FFAB3A160B67D7294458D1A /* Frameworks */,
			);
			sourceTree = "<group>";
		};
		9F26ACB61F716ED200327E45 /* Products */ = {
			isa = PBXGroup;
			children = (
				9F26ACB51F716ED200327E45 /* SpyVsSpy.app */,
			);
			name = Products;
			sourceTree = "<group>";
		};
		9F26ACB71F716ED200327E45 /* SpyVsSpy */ = {
			isa = PBXGroup;
			children = (
				FA402AB11FAFF871000EE24A /* gamelogic */,
				FACC13831FA9229300824F30 /* dbmodels */,
				FAAEF8EC1F75F44800537F84 /* SpyVsSpy.entitlements */,
				9F26ACB81F716ED200327E45 /* AppDelegate.swift */,
				9F26ACBA1F716ED200327E45 /* ViewController.swift */,
				FAA855D31FAAB94A004C2F68 /* HomeViewController.swift */,
				9F76EE181FD6E927006A9415 /* ProfileDetailsViewController.swift */,
				9F26ACBC1F716ED200327E45 /* Main.storyboard */,
				5F5902DF1F8C4C8900CB9831 /* StarRatingControl.swift */,
				5FE884AA1F8C3B0100A2569B /* HackViewController.swift */,
				5F8C29761FA8DE9700C6D4EF /* Building.swift */,
				9F385BFF1F82B12300797DD2 /* SpecialViewController.swift */,
				FA583D461F7889D200F344CE /* ProfileCollectionViewCell.swift */,
				FA583D441F784C9A00F344CE /* GameDetailsViewController.swift */,
				FA583D401F783A6800F344CE /* ViewGamesTableViewCell.swift */,
				FA583D421F783AB600F344CE /* ViewGamesViewController.swift */,
				9F26ACBF1F716ED200327E45 /* Assets.xcassets */,
				9F26ACC11F716ED200327E45 /* LaunchScreen.storyboard */,
				FAC19F2C1F75F9D8007A8600 /* GoogleService-Info.plist */,
				9F26ACC41F716ED200327E45 /* Info.plist */,
				5F5902E11F8C634B00CB9831 /* StarRatingViewer.swift */,
				FACC137D1FA9127200824F30 /* LogTableViewCell.swift */,
				FACC13841FA9270B00824F30 /* LogsViewController.swift */,
				9F1DCB251FB3876A0014ADB5 /* mafiasound.mp3 */,
				9F9B579D1FD65EC200B6BD31 /* lightening.mp3 */,
				5F9CD0E31FC7D4BE0065759B /* LocTableViewCell.swift */,
				FAA855D51FAAC662004C2F68 /* MainGameTabBarVController.swift */,
				9FB129F71FB20C5300FE69AB /* SniperShotViewController.swift */,
				9F7A357B1FB429B700502A2D /* ShotReviewViewController.swift */,
			);
			path = SpyVsSpy;
			sourceTree = "<group>";
		};
		9FFAB3A160B67D7294458D1A /* Frameworks */ = {
			isa = PBXGroup;
			children = (
				5FE884AC1F8C3D8C00A2569B /* CoreLocation.framework */,
				42E18F4C9A78F476CAB8F3BD /* Pods_SpyVsSpy.framework */,
			);
			name = Frameworks;
			sourceTree = "<group>";
		};
		FA402AB11FAFF871000EE24A /* gamelogic */ = {
			isa = PBXGroup;
			children = (
				FAF1BC121FA8FA170068A90E /* BackendGameLogic.swift */,
			);
			path = gamelogic;
			sourceTree = "<group>";
		};
		FACC13831FA9229300824F30 /* dbmodels */ = {
			isa = PBXGroup;
			children = (
				FA326BF61F92C050007160BE /* GameModel.swift */,
				FA7712ED1F8FDD4500571BE5 /* GameStartInfo.swift */,
				FA154DCE1F952F8F007BA2F5 /* ProfileModel.swift */,
				FA154DD01F9533B3007BA2F5 /* GameInfoModel.swift */,
				FA154DD21F9569A2007BA2F5 /* UserModel.swift */,
				FACC137F1FA9151500824F30 /* PlayerInGameModel.swift */,
				FACC13811FA91ECA00824F30 /* LogDataModel.swift */,
			);
			path = dbmodels;
			sourceTree = "<group>";
		};
/* End PBXGroup section */

/* Begin PBXNativeTarget section */
		9F26ACB41F716ED200327E45 /* SpyVsSpy */ = {
			isa = PBXNativeTarget;
			buildConfigurationList = 9F26ACC71F716ED200327E45 /* Build configuration list for PBXNativeTarget "SpyVsSpy" */;
			buildPhases = (
				6C4E589A57309798ECE04486 /* [CP] Check Pods Manifest.lock */,
				9F26ACB11F716ED200327E45 /* Sources */,
				9F26ACB21F716ED200327E45 /* Frameworks */,
				9F26ACB31F716ED200327E45 /* Resources */,
				9D1DA38CE992A3DB97C15833 /* [CP] Embed Pods Frameworks */,
				4B03AF3231C6108BC5EBC2F9 /* [CP] Copy Pods Resources */,
			);
			buildRules = (
			);
			dependencies = (
			);
			name = SpyVsSpy;
			productName = SpyVsSpy;
			productReference = 9F26ACB51F716ED200327E45 /* SpyVsSpy.app */;
			productType = "com.apple.product-type.application";
		};
/* End PBXNativeTarget section */

/* Begin PBXProject section */
		9F26ACAD1F716ED200327E45 /* Project object */ = {
			isa = PBXProject;
			attributes = {
				LastSwiftUpdateCheck = 0830;
				LastUpgradeCheck = 0830;
				ORGANIZATIONNAME = "Joseph Hinkle";
				TargetAttributes = {
					9F26ACB41F716ED200327E45 = {
						CreatedOnToolsVersion = 8.3.3;
						DevelopmentTeam = B3GJXRTH64;
						ProvisioningStyle = Automatic;
						SystemCapabilities = {
							com.apple.BackgroundModes = {
								enabled = 1;
							};
							com.apple.Keychain = {
								enabled = 0;
							};
						};
					};
				};
			};
			buildConfigurationList = 9F26ACB01F716ED200327E45 /* Build configuration list for PBXProject "SpyVsSpy" */;
			compatibilityVersion = "Xcode 3.2";
			developmentRegion = English;
			hasScannedForEncodings = 0;
			knownRegions = (
				en,
				Base,
			);
			mainGroup = 9F26ACAC1F716ED200327E45;
			productRefGroup = 9F26ACB61F716ED200327E45 /* Products */;
			projectDirPath = "";
			projectRoot = "";
			targets = (
				9F26ACB41F716ED200327E45 /* SpyVsSpy */,
			);
		};
/* End PBXProject section */

/* Begin PBXResourcesBuildPhase section */
		9F26ACB31F716ED200327E45 /* Resources */ = {
			isa = PBXResourcesBuildPhase;
			buildActionMask = 2147483647;
			files = (
				9F26ACC31F716ED200327E45 /* LaunchScreen.storyboard in Resources */,
				FAC19F2D1F75F9DB007A8600 /* GoogleService-Info.plist in Resources */,
				9F26ACC01F716ED200327E45 /* Assets.xcassets in Resources */,
				9F26ACBE1F716ED200327E45 /* Main.storyboard in Resources */,
				9F1DCB261FB3876A0014ADB5 /* mafiasound.mp3 in Resources */,
				9F9B579E1FD65EC200B6BD31 /* lightening.mp3 in Resources */,
			);
			runOnlyForDeploymentPostprocessing = 0;
		};
/* End PBXResourcesBuildPhase section */

/* Begin PBXShellScriptBuildPhase section */
		4B03AF3231C6108BC5EBC2F9 /* [CP] Copy Pods Resources */ = {
			isa = PBXShellScriptBuildPhase;
			buildActionMask = 2147483647;
			files = (
			);
			inputPaths = (
				"${SRCROOT}/Pods/Target Support Files/Pods-SpyVsSpy/Pods-SpyVsSpy-resources.sh",
				"${PODS_ROOT}/GoogleSignIn/Resources/GoogleSignIn.bundle",
			);
			name = "[CP] Copy Pods Resources";
			outputPaths = (
				"${TARGET_BUILD_DIR}/${UNLOCALIZED_RESOURCES_FOLDER_PATH}",
			);
			runOnlyForDeploymentPostprocessing = 0;
			shellPath = /bin/sh;
			shellScript = "\"${SRCROOT}/Pods/Target Support Files/Pods-SpyVsSpy/Pods-SpyVsSpy-resources.sh\"\n";
			showEnvVarsInLog = 0;
		};
		6C4E589A57309798ECE04486 /* [CP] Check Pods Manifest.lock */ = {
			isa = PBXShellScriptBuildPhase;
			buildActionMask = 2147483647;
			files = (
			);
			inputPaths = (
				"${PODS_PODFILE_DIR_PATH}/Podfile.lock",
				"${PODS_ROOT}/Manifest.lock",
			);
			name = "[CP] Check Pods Manifest.lock";
			outputPaths = (
				"$(DERIVED_FILE_DIR)/Pods-SpyVsSpy-checkManifestLockResult.txt",
			);
			runOnlyForDeploymentPostprocessing = 0;
			shellPath = /bin/sh;
			shellScript = "diff \"${PODS_PODFILE_DIR_PATH}/Podfile.lock\" \"${PODS_ROOT}/Manifest.lock\" > /dev/null\nif [ $? != 0 ] ; then\n    # print error to STDERR\n    echo \"error: The sandbox is not in sync with the Podfile.lock. Run 'pod install' or update your CocoaPods installation.\" >&2\n    exit 1\nfi\n# This output is used by Xcode 'outputs' to avoid re-running this script phase.\necho \"SUCCESS\" > \"${SCRIPT_OUTPUT_FILE_0}\"\n";
			showEnvVarsInLog = 0;
		};
		9D1DA38CE992A3DB97C15833 /* [CP] Embed Pods Frameworks */ = {
			isa = PBXShellScriptBuildPhase;
			buildActionMask = 2147483647;
			files = (
			);
			inputPaths = (
				"${SRCROOT}/Pods/Target Support Files/Pods-SpyVsSpy/Pods-SpyVsSpy-frameworks.sh",
				"${BUILT_PRODUCTS_DIR}/GTMOAuth2/GTMOAuth2.framework",
				"${BUILT_PRODUCTS_DIR}/GTMSessionFetcher/GTMSessionFetcher.framework",
				"${BUILT_PRODUCTS_DIR}/GoogleToolboxForMac/GoogleToolboxForMac.framework",
				"${BUILT_PRODUCTS_DIR}/SDWebImage/SDWebImage.framework",
				"${BUILT_PRODUCTS_DIR}/leveldb-library/leveldb.framework",
				"${BUILT_PRODUCTS_DIR}/nanopb/nanopb.framework",
			);
			name = "[CP] Embed Pods Frameworks";
			outputPaths = (
				"${TARGET_BUILD_DIR}/${FRAMEWORKS_FOLDER_PATH}/GTMOAuth2.framework",
				"${TARGET_BUILD_DIR}/${FRAMEWORKS_FOLDER_PATH}/GTMSessionFetcher.framework",
				"${TARGET_BUILD_DIR}/${FRAMEWORKS_FOLDER_PATH}/GoogleToolboxForMac.framework",
				"${TARGET_BUILD_DIR}/${FRAMEWORKS_FOLDER_PATH}/SDWebImage.framework",
				"${TARGET_BUILD_DIR}/${FRAMEWORKS_FOLDER_PATH}/leveldb.framework",
				"${TARGET_BUILD_DIR}/${FRAMEWORKS_FOLDER_PATH}/nanopb.framework",
			);
			runOnlyForDeploymentPostprocessing = 0;
			shellPath = /bin/sh;
			shellScript = "\"${SRCROOT}/Pods/Target Support Files/Pods-SpyVsSpy/Pods-SpyVsSpy-frameworks.sh\"\n";
			showEnvVarsInLog = 0;
		};
/* End PBXShellScriptBuildPhase section */

/* Begin PBXSourcesBuildPhase section */
		9F26ACB11F716ED200327E45 /* Sources */ = {
			isa = PBXSourcesBuildPhase;
			buildActionMask = 2147483647;
			files = (
				FACC137E1FA9127200824F30 /* LogTableViewCell.swift in Sources */,
				FA583D411F783A6800F344CE /* ViewGamesTableViewCell.swift in Sources */,
				FA154DCF1F952F8F007BA2F5 /* ProfileModel.swift in Sources */,
				9F26ACBB1F716ED200327E45 /* ViewController.swift in Sources */,
				FA583D451F784C9A00F344CE /* GameDetailsViewController.swift in Sources */,
				9F26ACB91F716ED200327E45 /* AppDelegate.swift in Sources */,
				5F5902E01F8C4C8900CB9831 /* StarRatingControl.swift in Sources */,
				9FB129F81FB20C5300FE69AB /* SniperShotViewController.swift in Sources */,
				FAA855D41FAAB94A004C2F68 /* HomeViewController.swift in Sources */,
				5F8C29771FA8DE9700C6D4EF /* Building.swift in Sources */,
				FA7712EE1F8FDD4500571BE5 /* GameStartInfo.swift in Sources */,
				5F5902E21F8C634B00CB9831 /* StarRatingViewer.swift in Sources */,
				FACC13821FA91ECA00824F30 /* LogDataModel.swift in Sources */,
				FACC13851FA9270B00824F30 /* LogsViewController.swift in Sources */,
				FA583D471F7889D200F344CE /* ProfileCollectionViewCell.swift in Sources */,
				FA154DD31F9569A2007BA2F5 /* UserModel.swift in Sources */,
				FACC13801FA9151500824F30 /* PlayerInGameModel.swift in Sources */,
				9F385C001F82B12300797DD2 /* SpecialViewController.swift in Sources */,
				9F7A357C1FB429B700502A2D /* ShotReviewViewController.swift in Sources */,
				5FE884AB1F8C3B0100A2569B /* HackViewController.swift in Sources */,
				FAA855D61FAAC662004C2F68 /* MainGameTabBarVController.swift in Sources */,
				FA326BF71F92C050007160BE /* GameModel.swift in Sources */,
				FAF1BC131FA8FA170068A90E /* BackendGameLogic.swift in Sources */,
				5F9CD0E41FC7D4BE0065759B /* LocTableViewCell.swift in Sources */,
				FA583D431F783AB600F344CE /* ViewGamesViewController.swift in Sources */,
				FA154DD11F9533B3007BA2F5 /* GameInfoModel.swift in Sources */,
				9F76EE191FD6E927006A9415 /* ProfileDetailsViewController.swift in Sources */,
			);
			runOnlyForDeploymentPostprocessing = 0;
		};
/* End PBXSourcesBuildPhase section */

/* Begin PBXVariantGroup section */
		9F26ACBC1F716ED200327E45 /* Main.storyboard */ = {
			isa = PBXVariantGroup;
			children = (
				9F26ACBD1F716ED200327E45 /* Base */,
			);
			name = Main.storyboard;
			sourceTree = "<group>";
		};
		9F26ACC11F716ED200327E45 /* LaunchScreen.storyboard */ = {
			isa = PBXVariantGroup;
			children = (
				9F26ACC21F716ED200327E45 /* Base */,
			);
			name = LaunchScreen.storyboard;
			sourceTree = "<group>";
		};
/* End PBXVariantGroup section */

/* Begin XCBuildConfiguration section */
		9F26ACC51F716ED200327E45 /* Debug */ = {
			isa = XCBuildConfiguration;
			buildSettings = {
				ALWAYS_SEARCH_USER_PATHS = NO;
				CLANG_ANALYZER_NONNULL = YES;
				CLANG_ANALYZER_NUMBER_OBJECT_CONVERSION = YES_AGGRESSIVE;
				CLANG_CXX_LANGUAGE_STANDARD = "gnu++0x";
				CLANG_CXX_LIBRARY = "libc++";
				CLANG_ENABLE_MODULES = YES;
				CLANG_ENABLE_OBJC_ARC = YES;
				CLANG_WARN_BOOL_CONVERSION = YES;
				CLANG_WARN_CONSTANT_CONVERSION = YES;
				CLANG_WARN_DIRECT_OBJC_ISA_USAGE = YES_ERROR;
				CLANG_WARN_DOCUMENTATION_COMMENTS = YES;
				CLANG_WARN_EMPTY_BODY = YES;
				CLANG_WARN_ENUM_CONVERSION = YES;
				CLANG_WARN_INFINITE_RECURSION = YES;
				CLANG_WARN_INT_CONVERSION = YES;
				CLANG_WARN_OBJC_ROOT_CLASS = YES_ERROR;
				CLANG_WARN_SUSPICIOUS_MOVE = YES;
				CLANG_WARN_UNREACHABLE_CODE = YES;
				CLANG_WARN__DUPLICATE_METHOD_MATCH = YES;
				"CODE_SIGN_IDENTITY[sdk=iphoneos*]" = "iPhone Developer";
				COPY_PHASE_STRIP = NO;
				DEBUG_INFORMATION_FORMAT = dwarf;
				ENABLE_STRICT_OBJC_MSGSEND = YES;
				ENABLE_TESTABILITY = YES;
				GCC_C_LANGUAGE_STANDARD = gnu99;
				GCC_DYNAMIC_NO_PIC = NO;
				GCC_NO_COMMON_BLOCKS = YES;
				GCC_OPTIMIZATION_LEVEL = 0;
				GCC_PREPROCESSOR_DEFINITIONS = (
					"DEBUG=1",
					"$(inherited)",
				);
				GCC_WARN_64_TO_32_BIT_CONVERSION = YES;
				GCC_WARN_ABOUT_RETURN_TYPE = YES_ERROR;
				GCC_WARN_UNDECLARED_SELECTOR = YES;
				GCC_WARN_UNINITIALIZED_AUTOS = YES_AGGRESSIVE;
				GCC_WARN_UNUSED_FUNCTION = YES;
				GCC_WARN_UNUSED_VARIABLE = YES;
				IPHONEOS_DEPLOYMENT_TARGET = 11.0;
				MTL_ENABLE_DEBUG_INFO = YES;
				ONLY_ACTIVE_ARCH = YES;
				SDKROOT = iphoneos;
				SWIFT_ACTIVE_COMPILATION_CONDITIONS = DEBUG;
				SWIFT_OPTIMIZATION_LEVEL = "-Onone";
			};
			name = Debug;
		};
		9F26ACC61F716ED200327E45 /* Release */ = {
			isa = XCBuildConfiguration;
			buildSettings = {
				ALWAYS_SEARCH_USER_PATHS = NO;
				CLANG_ANALYZER_NONNULL = YES;
				CLANG_ANALYZER_NUMBER_OBJECT_CONVERSION = YES_AGGRESSIVE;
				CLANG_CXX_LANGUAGE_STANDARD = "gnu++0x";
				CLANG_CXX_LIBRARY = "libc++";
				CLANG_ENABLE_MODULES = YES;
				CLANG_ENABLE_OBJC_ARC = YES;
				CLANG_WARN_BOOL_CONVERSION = YES;
				CLANG_WARN_CONSTANT_CONVERSION = YES;
				CLANG_WARN_DIRECT_OBJC_ISA_USAGE = YES_ERROR;
				CLANG_WARN_DOCUMENTATION_COMMENTS = YES;
				CLANG_WARN_EMPTY_BODY = YES;
				CLANG_WARN_ENUM_CONVERSION = YES;
				CLANG_WARN_INFINITE_RECURSION = YES;
				CLANG_WARN_INT_CONVERSION = YES;
				CLANG_WARN_OBJC_ROOT_CLASS = YES_ERROR;
				CLANG_WARN_SUSPICIOUS_MOVE = YES;
				CLANG_WARN_UNREACHABLE_CODE = YES;
				CLANG_WARN__DUPLICATE_METHOD_MATCH = YES;
				"CODE_SIGN_IDENTITY[sdk=iphoneos*]" = "iPhone Developer";
				COPY_PHASE_STRIP = NO;
				DEBUG_INFORMATION_FORMAT = "dwarf-with-dsym";
				ENABLE_NS_ASSERTIONS = NO;
				ENABLE_STRICT_OBJC_MSGSEND = YES;
				GCC_C_LANGUAGE_STANDARD = gnu99;
				GCC_NO_COMMON_BLOCKS = YES;
				GCC_WARN_64_TO_32_BIT_CONVERSION = YES;
				GCC_WARN_ABOUT_RETURN_TYPE = YES_ERROR;
				GCC_WARN_UNDECLARED_SELECTOR = YES;
				GCC_WARN_UNINITIALIZED_AUTOS = YES_AGGRESSIVE;
				GCC_WARN_UNUSED_FUNCTION = YES;
				GCC_WARN_UNUSED_VARIABLE = YES;
				IPHONEOS_DEPLOYMENT_TARGET = 11.0;
				MTL_ENABLE_DEBUG_INFO = NO;
				SDKROOT = iphoneos;
				SWIFT_OPTIMIZATION_LEVEL = "-Owholemodule";
				VALIDATE_PRODUCT = YES;
			};
			name = Release;
		};
		9F26ACC81F716ED200327E45 /* Debug */ = {
			isa = XCBuildConfiguration;
			baseConfigurationReference = 24C33379969373C82C603B9E /* Pods-SpyVsSpy.debug.xcconfig */;
			buildSettings = {
				ASSETCATALOG_COMPILER_APPICON_NAME = AppIcon;
				DEVELOPMENT_TEAM = B3GJXRTH64;
				INFOPLIST_FILE = SpyVsSpy/Info.plist;
				IPHONEOS_DEPLOYMENT_TARGET = 11.1;
				LD_RUNPATH_SEARCH_PATHS = "$(inherited) @executable_path/Frameworks";
				PRODUCT_BUNDLE_IDENTIFIER = bundler;
				PRODUCT_NAME = "$(TARGET_NAME)";
				SWIFT_VERSION = 4.0;
			};
			name = Debug;
		};
		9F26ACC91F716ED200327E45 /* Release */ = {
			isa = XCBuildConfiguration;
			baseConfigurationReference = 90A8FE3EE5A1DDD3C0993D9F /* Pods-SpyVsSpy.release.xcconfig */;
			buildSettings = {
				ASSETCATALOG_COMPILER_APPICON_NAME = AppIcon;
				DEVELOPMENT_TEAM = B3GJXRTH64;
				INFOPLIST_FILE = SpyVsSpy/Info.plist;
				IPHONEOS_DEPLOYMENT_TARGET = 11.1;
				LD_RUNPATH_SEARCH_PATHS = "$(inherited) @executable_path/Frameworks";
				PRODUCT_BUNDLE_IDENTIFIER = bundler;
				PRODUCT_NAME = "$(TARGET_NAME)";
				SWIFT_VERSION = 4.0;
			};
			name = Release;
		};
/* End XCBuildConfiguration section */

/* Begin XCConfigurationList section */
		9F26ACB01F716ED200327E45 /* Build configuration list for PBXProject "SpyVsSpy" */ = {
			isa = XCConfigurationList;
			buildConfigurations = (
				9F26ACC51F716ED200327E45 /* Debug */,
				9F26ACC61F716ED200327E45 /* Release */,
			);
			defaultConfigurationIsVisible = 0;
			defaultConfigurationName = Release;
		};
		9F26ACC71F716ED200327E45 /* Build configuration list for PBXNativeTarget "SpyVsSpy" */ = {
			isa = XCConfigurationList;
			buildConfigurations = (
				9F26ACC81F716ED200327E45 /* Debug */,
				9F26ACC91F716ED200327E45 /* Release */,
			);
			defaultConfigurationIsVisible = 0;
			defaultConfigurationName = Release;
		};
/* End XCConfigurationList section */
	};
	rootObject = 9F26ACAD1F716ED200327E45 /* Project object */;
}
